
Microsoft Visual Studio Solution File, Format Version 12.00
# Visual Studio Version 17
VisualStudioVersion = 17.2.32630.192
MinimumVisualStudioVersion = 10.0.40219.1
Project("{FAE04EC0-301F-11D3-BF4B-00C04F79EFBC}") = "WpfApp2", "WpfApp2\WpfApp2.csproj", "{BB888EBE-4E2E-4ACC-B7C0-52DE62EB98D4}"
EndProject
Global
	GlobalSection(SolutionConfigurationPlatforms) = preSolution
		Debug|Any CPU = Debug|Any CPU
		Release|Any CPU = Release|Any CPU
	EndGlobalSection
	GlobalSection(ProjectConfigurationPlatforms) = postSolution
		{BB888EBE-4E2E-4ACC-B7C0-52DE62EB98D4}.Debug|Any CPU.ActiveCfg = Debug|Any CPU
		{BB888EBE-4E2E-4ACC-B7C0-52DE62EB98D4}.Debug|Any CPU.Build.0 = Debug|Any CPU
		{BB888EBE-4E2E-4ACC-B7C0-52DE62EB98D4}.Release|Any CPU.ActiveCfg = Release|Any CPU
		{BB888EBE-4E2E-4ACC-B7C0-52DE62EB98D4}.Release|Any CPU.Build.0 = Release|Any CPU
	EndGlobalSection
	GlobalSection(SolutionProperties) = preSolution
		HideSolutionNode = FALSE
	EndGlobalSection
	GlobalSection(ExtensibilityGlobals) = postSolution
		SolutionGuid = {2153E14D-ABC9-403E-A4F1-DB4448651D44}
	EndGlobalSection
EndGlobal
